
Microsoft Visual Studio Solution File, Format Version 12.00
# Visual Studio Version 17
VisualStudioVersion = 17.11.35017.193
MinimumVisualStudioVersion = 10.0.40219.1
Project("{FAE04EC0-301F-11D3-BF4B-00C04F79EFBC}") = "Dungeon_Crawler", "Dungeon_Crawler.csproj", "{66BBD7C3-6B50-44BA-9D5B-4E1A1E8E71A9}"
EndProject
Global
	GlobalSection(SolutionConfigurationPlatforms) = preSolution
		Debug|Any CPU = Debug|Any CPU
		Release|Any CPU = Release|Any CPU
	EndGlobalSection
	GlobalSection(ProjectConfigurationPlatforms) = postSolution
		{66BBD7C3-6B50-44BA-9D5B-4E1A1E8E71A9}.Debug|Any CPU.ActiveCfg = Debug|Any CPU
		{66BBD7C3-6B50-44BA-9D5B-4E1A1E8E71A9}.Debug|Any CPU.Build.0 = Debug|Any CPU
		{66BBD7C3-6B50-44BA-9D5B-4E1A1E8E71A9}.Release|Any CPU.ActiveCfg = Release|Any CPU
		{66BBD7C3-6B50-44BA-9D5B-4E1A1E8E71A9}.Release|Any CPU.Build.0 = Release|Any CPU
	EndGlobalSection
	GlobalSection(SolutionProperties) = preSolution
		HideSolutionNode = FALSE
	EndGlobalSection
	GlobalSection(ExtensibilityGlobals) = postSolution
		SolutionGuid = {CE4FB28B-A556-4A2A-AAD8-913B9BEE4029}
	EndGlobalSection
EndGlobal
